STORAGE: NONE
RESTRICTION: == netstandard2.0
NUGET
  remote: https://api.nuget.org/v3/index.json
    FSharp.Core (10.0.100)
    HtmlAgilityPack (1.12.4)
    Microsoft.AspNetCore.Authentication.Abstractions (2.3)
      Microsoft.AspNetCore.Http.Abstractions (>= 2.3)
      Microsoft.Extensions.Logging.Abstractions (>= 8.0.2)
      Microsoft.Extensions.Options (>= 8.0.2)
    Microsoft.AspNetCore.Hosting.Abstractions (2.3)
      Microsoft.AspNetCore.Hosting.Server.Abstractions (>= 2.3)
      Microsoft.AspNetCore.Http.Abstractions (>= 2.3)
      Microsoft.Extensions.Hosting.Abstractions (>= 8.0.1)
    Microsoft.AspNetCore.Hosting.Server.Abstractions (2.3)
      Microsoft.AspNetCore.Http.Features (>= 2.3)
      Microsoft.Extensions.Configuration.Abstractions (>= 8.0)
    Microsoft.AspNetCore.Html.Abstractions (2.3)
      System.Text.Encodings.Web (>= 8.0)
    Microsoft.AspNetCore.Http.Abstractions (2.3)
      Microsoft.AspNetCore.Http.Features (>= 2.3)
      System.Text.Encodings.Web (>= 8.0)
    Microsoft.AspNetCore.Http.Features (5.0.17)
      Microsoft.Extensions.Primitives (>= 5.0.1)
      System.IO.Pipelines (>= 5.0.2)
    Microsoft.AspNetCore.Mvc.Abstractions (2.3)
      Microsoft.AspNetCore.Routing.Abstractions (>= 2.3)
      Microsoft.Net.Http.Headers (>= 2.3)
    Microsoft.AspNetCore.Routing.Abstractions (2.3)
      Microsoft.AspNetCore.Http.Abstractions (>= 2.3)
    Microsoft.Bcl.AsyncInterfaces (10.0)
      System.Threading.Tasks.Extensions (>= 4.6.3)
    Microsoft.Extensions.Configuration.Abstractions (10.0)
      Microsoft.Extensions.Primitives (>= 10.0)
    Microsoft.Extensions.DependencyInjection.Abstractions (10.0)
      Microsoft.Bcl.AsyncInterfaces (>= 10.0)
      System.Threading.Tasks.Extensions (>= 4.6.3)
    Microsoft.Extensions.Diagnostics.Abstractions (10.0)
      Microsoft.Extensions.DependencyInjection.Abstractions (>= 10.0)
      Microsoft.Extensions.Options (>= 10.0)
      System.Buffers (>= 4.6.1)
      System.Diagnostics.DiagnosticSource (>= 10.0)
      System.Memory (>= 4.6.3)
    Microsoft.Extensions.FileProviders.Abstractions (10.0)
      Microsoft.Extensions.Primitives (>= 10.0)
    Microsoft.Extensions.Hosting.Abstractions (10.0)
      Microsoft.Bcl.AsyncInterfaces (>= 10.0)
      Microsoft.Extensions.Configuration.Abstractions (>= 10.0)
      Microsoft.Extensions.DependencyInjection.Abstractions (>= 10.0)
      Microsoft.Extensions.Diagnostics.Abstractions (>= 10.0)
      Microsoft.Extensions.FileProviders.Abstractions (>= 10.0)
      Microsoft.Extensions.Logging.Abstractions (>= 10.0)
      System.Threading.Tasks.Extensions (>= 4.6.3)
    Microsoft.Extensions.Logging.Abstractions (10.0)
      Microsoft.Extensions.DependencyInjection.Abstractions (>= 10.0)
      System.Buffers (>= 4.6.1)
      System.Diagnostics.DiagnosticSource (>= 10.0)
      System.Memory (>= 4.6.3)
    Microsoft.Extensions.Options (10.0)
      Microsoft.Extensions.DependencyInjection.Abstractions (>= 10.0)
      Microsoft.Extensions.Primitives (>= 10.0)
      System.ComponentModel.Annotations (>= 5.0)
    Microsoft.Extensions.Primitives (10.0)
      System.Memory (>= 4.6.3)
      System.Runtime.CompilerServices.Unsafe (>= 6.1.2)
    Microsoft.Net.Http.Headers (10.0)
    System.Buffers (4.6.1)
    System.ComponentModel.Annotations (5.0)
    System.Configuration.ConfigurationManager (10.0)
      System.Security.Cryptography.ProtectedData (>= 10.0)
    System.Diagnostics.DiagnosticSource (10.0)
      System.Memory (>= 4.6.3)
      System.Runtime.CompilerServices.Unsafe (>= 6.1.2)
    System.IO.Pipelines (10.0)
      System.Buffers (>= 4.6.1)
      System.Memory (>= 4.6.3)
      System.Threading.Tasks.Extensions (>= 4.6.3)
    System.Memory (4.6.3)
      System.Buffers (>= 4.6.1)
      System.Numerics.Vectors (>= 4.6.1)
      System.Runtime.CompilerServices.Unsafe (>= 6.1.2)
    System.Numerics.Vectors (4.6.1)
    System.Reflection.Emit.ILGeneration (4.7)
    System.Reflection.Emit.Lightweight (4.7)
      System.Reflection.Emit.ILGeneration (>= 4.7)
    System.Runtime.CompilerServices.Unsafe (6.1.2)
    System.Security.Cryptography.ProtectedData (10.0)
      System.Memory (>= 4.6.3)
    System.Text.Encodings.Web (10.0)
      System.Buffers (>= 4.6.1)
      System.Memory (>= 4.6.3)
      System.Runtime.CompilerServices.Unsafe (>= 6.1.2)
    System.Text.Json (10.0)
      Microsoft.Bcl.AsyncInterfaces (>= 10.0)
      System.Buffers (>= 4.6.1)
      System.IO.Pipelines (>= 10.0)
      System.Memory (>= 4.6.3)
      System.Runtime.CompilerServices.Unsafe (>= 6.1.2)
      System.Text.Encodings.Web (>= 10.0)
      System.Threading.Tasks.Extensions (>= 4.6.3)
    System.Threading.Tasks.Extensions (4.6.3)
      System.Runtime.CompilerServices.Unsafe (>= 6.1.2)
  remote: https://nuget.pkg.github.com/dotnet-websharper/index.json
    WebSharper (10.0.0.638-beta1)
      FSharp.Core (>= 6.0)
      System.Reflection.Emit.Lightweight (>= 4.7)
    WebSharper.AspNetCore (10.0.0.638-beta1)
      Microsoft.AspNetCore.Authentication.Abstractions (>= 2.0)
      Microsoft.AspNetCore.Hosting.Abstractions (>= 2.0)
      Microsoft.AspNetCore.Html.Abstractions (>= 2.0)
      Microsoft.AspNetCore.Mvc.Abstractions (>= 2.0)
      System.Configuration.ConfigurationManager (>= 4.7)
      System.Text.Json (>= 8.0.4)
      WebSharper (10.0.0.638-beta1)
    WebSharper.CSharp (10.0.0.638-beta1)
      WebSharper (10.0.0.638-beta1)
    WebSharper.FSharp (10.0.0.638-beta1)
      WebSharper (10.0.0.638-beta1)
    WebSharper.UI (10.0.0.638-beta1)
      HtmlAgilityPack (>= 1.11)
      WebSharper (>= 10.0.0.638-beta1 < 10.0.1-beta)
    WebSharper.UI.CSharp (10.0.0.638-beta1)
      WebSharper (>= 10.0.0.638-beta1 < 10.0.1-beta)
      WebSharper.UI (10.0.0.638-beta1)

GROUP wsbuild

GIT
  remote: https://github.com/dotnet-websharper/build-script
     (ae4e3345219bb1ef82143ad331e582f9c81791ac)