
Microsoft Visual Studio Solution File, Format Version 12.00
# Visual Studio 15
VisualStudioVersion = 15.0.26430.4
MinimumVisualStudioVersion = 10.0.40219.1
Project("{FAE04EC0-301F-11D3-BF4B-00C04F79EFBC}") = "WebSharper", "WebSharper\WebSharper.csproj", "{67A7B7FF-7BF8-405E-8756-DDCD30C08D19}"
EndProject
Project("{FAE04EC0-301F-11D3-BF4B-00C04F79EFBC}") = "CSharp.Library", "CSharp\Library\CSharp.Library.csproj", "{62BA5E9A-050E-4B4F-9DCF-C1CE3C9B33B2}"
EndProject
Project("{FAE04EC0-301F-11D3-BF4B-00C04F79EFBC}") = "FSharp.Library", "FSharp\Library\FSharp.Library.csproj", "{CA7FAE8E-95DE-4692-9E12-192C4408CBB9}"
EndProject
Project("{2150E333-8FDC-42A3-9474-1A3956D46DE8}") = "Solution Items", "Solution Items", "{13B25483-9824-48EC-B585-C377CEE8E3C0}"
	ProjectSection(SolutionItems) = preProject
		init.fsx = init.fsx
	EndProjectSection
EndProject
Global
	GlobalSection(SolutionConfigurationPlatforms) = preSolution
		Debug|Any CPU = Debug|Any CPU
		Release|Any CPU = Release|Any CPU
	EndGlobalSection
	GlobalSection(ProjectConfigurationPlatforms) = postSolution
		{67A7B7FF-7BF8-405E-8756-DDCD30C08D19}.Debug|Any CPU.ActiveCfg = Debug|Any CPU
		{67A7B7FF-7BF8-405E-8756-DDCD30C08D19}.Debug|Any CPU.Build.0 = Debug|Any CPU
		{67A7B7FF-7BF8-405E-8756-DDCD30C08D19}.Release|Any CPU.ActiveCfg = Release|Any CPU
		{67A7B7FF-7BF8-405E-8756-DDCD30C08D19}.Release|Any CPU.Build.0 = Release|Any CPU
		{62BA5E9A-050E-4B4F-9DCF-C1CE3C9B33B2}.Debug|Any CPU.ActiveCfg = Debug|Any CPU
		{62BA5E9A-050E-4B4F-9DCF-C1CE3C9B33B2}.Debug|Any CPU.Build.0 = Debug|Any CPU
		{62BA5E9A-050E-4B4F-9DCF-C1CE3C9B33B2}.Release|Any CPU.ActiveCfg = Release|Any CPU
		{62BA5E9A-050E-4B4F-9DCF-C1CE3C9B33B2}.Release|Any CPU.Build.0 = Release|Any CPU
		{CA7FAE8E-95DE-4692-9E12-192C4408CBB9}.Debug|Any CPU.ActiveCfg = Debug|Any CPU
		{CA7FAE8E-95DE-4692-9E12-192C4408CBB9}.Debug|Any CPU.Build.0 = Debug|Any CPU
		{CA7FAE8E-95DE-4692-9E12-192C4408CBB9}.Release|Any CPU.ActiveCfg = Release|Any CPU
		{CA7FAE8E-95DE-4692-9E12-192C4408CBB9}.Release|Any CPU.Build.0 = Release|Any CPU
	EndGlobalSection
	GlobalSection(SolutionProperties) = preSolution
		HideSolutionNode = FALSE
	EndGlobalSection
EndGlobal
