
Microsoft Visual Studio Solution File, Format Version 12.00
# Visual Studio Version 16
VisualStudioVersion = 16.0.29609.76
MinimumVisualStudioVersion = 10.0.40219.1
Project("{FAE04EC0-301F-11D3-BF4B-00C04F79EFBC}") = "WebSharper.Vsix", "WebSharper.Vsix\WebSharper.Vsix.csproj", "{67A7B7FF-7BF8-405E-8756-DDCD30C08D19}"
EndProject
Project("{2150E333-8FDC-42A3-9474-1A3956D46DE8}") = "Solution Items", "Solution Items", "{13B25483-9824-48EC-B585-C377CEE8E3C0}"
	ProjectSection(SolutionItems) = preProject
		build.fsx = build.fsx
	EndProjectSection
EndProject
Project("{FAE04EC0-301F-11D3-BF4B-00C04F79EFBC}") = "FSharp.Suave", "FSharp\Suave\FSharp.Suave.csproj", "{9BF6A4C2-F489-46CA-BCF3-9D58EDEEC144}"
EndProject
Project("{FAE04EC0-301F-11D3-BF4B-00C04F79EFBC}") = "FSharp.Mobile", "FSharp\Mobile\FSharp.Mobile.csproj", "{2154CF20-4CFF-4C71-9365-C047153EE5D1}"
EndProject
Project("{FAE04EC0-301F-11D3-BF4B-00C04F79EFBC}") = "CSharp.ClientServer.NetCore", "CSharp\ClientServer-NetCore\CSharp.ClientServer.NetCore.csproj", "{527FA229-8FF6-4FA1-A8E3-04BD1790E8E0}"
EndProject
Project("{FAE04EC0-301F-11D3-BF4B-00C04F79EFBC}") = "CSharp.Library.NetCore", "CSharp\Library-NetCore\CSharp.Library.NetCore.csproj", "{AE59834A-7DDF-4CCF-99D4-C8B895E664F1}"
EndProject
Project("{FAE04EC0-301F-11D3-BF4B-00C04F79EFBC}") = "CSharp.Offline.NetCore", "CSharp\Offline-NetCore\CSharp.Offline.NetCore.csproj", "{7486158B-F132-4B1E-B93F-2AF2296F34E8}"
EndProject
Project("{FAE04EC0-301F-11D3-BF4B-00C04F79EFBC}") = "CSharp.SPA.NetCore", "CSharp\SPA-NetCore\CSharp.SPA.NetCore.csproj", "{FA4DF99C-DEB9-4DE5-BF9A-802254681B4F}"
EndProject
Project("{FAE04EC0-301F-11D3-BF4B-00C04F79EFBC}") = "FSharp.ClientServer.NetCore", "FSharp\ClientServer-NetCore\FSharp.ClientServer.NetCore.csproj", "{B47B2763-CA6D-4DEA-8587-EBEEC8F01498}"
EndProject
Project("{FAE04EC0-301F-11D3-BF4B-00C04F79EFBC}") = "FSharp.Extension.NetCore", "FSharp\Extension-NetCore\FSharp.Extension.NetCore.csproj", "{A8E756F7-4B98-4DBD-9A05-FDDEF2315322}"
EndProject
Project("{FAE04EC0-301F-11D3-BF4B-00C04F79EFBC}") = "FSharp.Library.NetCore", "FSharp\Library-NetCore\FSharp.Library.NetCore.csproj", "{87F3AD67-F3FD-4106-9977-FC2EE982B5D2}"
EndProject
Project("{FAE04EC0-301F-11D3-BF4B-00C04F79EFBC}") = "FSharp.Offline.NetCore", "FSharp\Offline-NetCore\FSharp.Offline.NetCore.csproj", "{78B875BA-31DD-415C-881E-AB52FC003AAA}"
EndProject
Project("{FAE04EC0-301F-11D3-BF4B-00C04F79EFBC}") = "FSharp.SPA.NetCore", "FSharp\SPA-NetCore\FSharp.SPA.NetCore.csproj", "{F992A4BD-B51B-45FA-B2BE-63F5E8919BC5}"
EndProject
Project("{FAE04EC0-301F-11D3-BF4B-00C04F79EFBC}") = "CSharp.Proxy.NetCore", "CSharp\Proxy-NetCore\CSharp.Proxy.NetCore.csproj", "{0DBE5EDC-5B1C-4E72-AA36-4FE4722077A3}"
EndProject
Project("{FAE04EC0-301F-11D3-BF4B-00C04F79EFBC}") = "FSharp.Proxy.NetCore", "FSharp\Proxy-NetCore\FSharp.Proxy.NetCore.csproj", "{DA2E5037-9904-40D9-B4EC-936A46EFE453}"
EndProject
Project("{9A19103F-16F7-4668-BE54-9A1E7A4F7556}") = "WebSharper.Templates", "WebSharper.Templates\WebSharper.Templates.csproj", "{680D23AF-148A-4B7A-9DAF-8CC39F22A5E8}"
EndProject
Global
	GlobalSection(SolutionConfigurationPlatforms) = preSolution
		Debug|Any CPU = Debug|Any CPU
		Release|Any CPU = Release|Any CPU
	EndGlobalSection
	GlobalSection(ProjectConfigurationPlatforms) = postSolution
		{67A7B7FF-7BF8-405E-8756-DDCD30C08D19}.Debug|Any CPU.ActiveCfg = Debug|Any CPU
		{67A7B7FF-7BF8-405E-8756-DDCD30C08D19}.Debug|Any CPU.Build.0 = Debug|Any CPU
		{67A7B7FF-7BF8-405E-8756-DDCD30C08D19}.Release|Any CPU.ActiveCfg = Release|Any CPU
		{67A7B7FF-7BF8-405E-8756-DDCD30C08D19}.Release|Any CPU.Build.0 = Release|Any CPU
		{9BF6A4C2-F489-46CA-BCF3-9D58EDEEC144}.Debug|Any CPU.ActiveCfg = Debug|Any CPU
		{9BF6A4C2-F489-46CA-BCF3-9D58EDEEC144}.Debug|Any CPU.Build.0 = Debug|Any CPU
		{9BF6A4C2-F489-46CA-BCF3-9D58EDEEC144}.Release|Any CPU.ActiveCfg = Release|Any CPU
		{9BF6A4C2-F489-46CA-BCF3-9D58EDEEC144}.Release|Any CPU.Build.0 = Release|Any CPU
		{2154CF20-4CFF-4C71-9365-C047153EE5D1}.Debug|Any CPU.ActiveCfg = Debug|Any CPU
		{2154CF20-4CFF-4C71-9365-C047153EE5D1}.Debug|Any CPU.Build.0 = Debug|Any CPU
		{2154CF20-4CFF-4C71-9365-C047153EE5D1}.Release|Any CPU.ActiveCfg = Release|Any CPU
		{2154CF20-4CFF-4C71-9365-C047153EE5D1}.Release|Any CPU.Build.0 = Release|Any CPU
		{527FA229-8FF6-4FA1-A8E3-04BD1790E8E0}.Debug|Any CPU.ActiveCfg = Debug|Any CPU
		{527FA229-8FF6-4FA1-A8E3-04BD1790E8E0}.Debug|Any CPU.Build.0 = Debug|Any CPU
		{527FA229-8FF6-4FA1-A8E3-04BD1790E8E0}.Release|Any CPU.ActiveCfg = Release|Any CPU
		{527FA229-8FF6-4FA1-A8E3-04BD1790E8E0}.Release|Any CPU.Build.0 = Release|Any CPU
		{AE59834A-7DDF-4CCF-99D4-C8B895E664F1}.Debug|Any CPU.ActiveCfg = Debug|Any CPU
		{AE59834A-7DDF-4CCF-99D4-C8B895E664F1}.Debug|Any CPU.Build.0 = Debug|Any CPU
		{AE59834A-7DDF-4CCF-99D4-C8B895E664F1}.Release|Any CPU.ActiveCfg = Release|Any CPU
		{AE59834A-7DDF-4CCF-99D4-C8B895E664F1}.Release|Any CPU.Build.0 = Release|Any CPU
		{7486158B-F132-4B1E-B93F-2AF2296F34E8}.Debug|Any CPU.ActiveCfg = Debug|Any CPU
		{7486158B-F132-4B1E-B93F-2AF2296F34E8}.Debug|Any CPU.Build.0 = Debug|Any CPU
		{7486158B-F132-4B1E-B93F-2AF2296F34E8}.Release|Any CPU.ActiveCfg = Release|Any CPU
		{7486158B-F132-4B1E-B93F-2AF2296F34E8}.Release|Any CPU.Build.0 = Release|Any CPU
		{FA4DF99C-DEB9-4DE5-BF9A-802254681B4F}.Debug|Any CPU.ActiveCfg = Debug|Any CPU
		{FA4DF99C-DEB9-4DE5-BF9A-802254681B4F}.Debug|Any CPU.Build.0 = Debug|Any CPU
		{FA4DF99C-DEB9-4DE5-BF9A-802254681B4F}.Release|Any CPU.ActiveCfg = Release|Any CPU
		{FA4DF99C-DEB9-4DE5-BF9A-802254681B4F}.Release|Any CPU.Build.0 = Release|Any CPU
		{B47B2763-CA6D-4DEA-8587-EBEEC8F01498}.Debug|Any CPU.ActiveCfg = Debug|Any CPU
		{B47B2763-CA6D-4DEA-8587-EBEEC8F01498}.Debug|Any CPU.Build.0 = Debug|Any CPU
		{B47B2763-CA6D-4DEA-8587-EBEEC8F01498}.Release|Any CPU.ActiveCfg = Release|Any CPU
		{B47B2763-CA6D-4DEA-8587-EBEEC8F01498}.Release|Any CPU.Build.0 = Release|Any CPU
		{A8E756F7-4B98-4DBD-9A05-FDDEF2315322}.Debug|Any CPU.ActiveCfg = Debug|Any CPU
		{A8E756F7-4B98-4DBD-9A05-FDDEF2315322}.Debug|Any CPU.Build.0 = Debug|Any CPU
		{A8E756F7-4B98-4DBD-9A05-FDDEF2315322}.Release|Any CPU.ActiveCfg = Release|Any CPU
		{A8E756F7-4B98-4DBD-9A05-FDDEF2315322}.Release|Any CPU.Build.0 = Release|Any CPU
		{87F3AD67-F3FD-4106-9977-FC2EE982B5D2}.Debug|Any CPU.ActiveCfg = Debug|Any CPU
		{87F3AD67-F3FD-4106-9977-FC2EE982B5D2}.Debug|Any CPU.Build.0 = Debug|Any CPU
		{87F3AD67-F3FD-4106-9977-FC2EE982B5D2}.Release|Any CPU.ActiveCfg = Release|Any CPU
		{87F3AD67-F3FD-4106-9977-FC2EE982B5D2}.Release|Any CPU.Build.0 = Release|Any CPU
		{78B875BA-31DD-415C-881E-AB52FC003AAA}.Debug|Any CPU.ActiveCfg = Debug|Any CPU
		{78B875BA-31DD-415C-881E-AB52FC003AAA}.Debug|Any CPU.Build.0 = Debug|Any CPU
		{78B875BA-31DD-415C-881E-AB52FC003AAA}.Release|Any CPU.ActiveCfg = Release|Any CPU
		{78B875BA-31DD-415C-881E-AB52FC003AAA}.Release|Any CPU.Build.0 = Release|Any CPU
		{F992A4BD-B51B-45FA-B2BE-63F5E8919BC5}.Debug|Any CPU.ActiveCfg = Debug|Any CPU
		{F992A4BD-B51B-45FA-B2BE-63F5E8919BC5}.Debug|Any CPU.Build.0 = Debug|Any CPU
		{F992A4BD-B51B-45FA-B2BE-63F5E8919BC5}.Release|Any CPU.ActiveCfg = Release|Any CPU
		{F992A4BD-B51B-45FA-B2BE-63F5E8919BC5}.Release|Any CPU.Build.0 = Release|Any CPU
		{0DBE5EDC-5B1C-4E72-AA36-4FE4722077A3}.Debug|Any CPU.ActiveCfg = Debug|Any CPU
		{0DBE5EDC-5B1C-4E72-AA36-4FE4722077A3}.Debug|Any CPU.Build.0 = Debug|Any CPU
		{0DBE5EDC-5B1C-4E72-AA36-4FE4722077A3}.Release|Any CPU.ActiveCfg = Release|Any CPU
		{0DBE5EDC-5B1C-4E72-AA36-4FE4722077A3}.Release|Any CPU.Build.0 = Release|Any CPU
		{DA2E5037-9904-40D9-B4EC-936A46EFE453}.Debug|Any CPU.ActiveCfg = Debug|Any CPU
		{DA2E5037-9904-40D9-B4EC-936A46EFE453}.Debug|Any CPU.Build.0 = Debug|Any CPU
		{DA2E5037-9904-40D9-B4EC-936A46EFE453}.Release|Any CPU.ActiveCfg = Release|Any CPU
		{DA2E5037-9904-40D9-B4EC-936A46EFE453}.Release|Any CPU.Build.0 = Release|Any CPU
		{680D23AF-148A-4B7A-9DAF-8CC39F22A5E8}.Debug|Any CPU.ActiveCfg = Debug|Any CPU
		{680D23AF-148A-4B7A-9DAF-8CC39F22A5E8}.Debug|Any CPU.Build.0 = Debug|Any CPU
		{680D23AF-148A-4B7A-9DAF-8CC39F22A5E8}.Release|Any CPU.ActiveCfg = Release|Any CPU
		{680D23AF-148A-4B7A-9DAF-8CC39F22A5E8}.Release|Any CPU.Build.0 = Release|Any CPU
	EndGlobalSection
	GlobalSection(SolutionProperties) = preSolution
		HideSolutionNode = FALSE
	EndGlobalSection
	GlobalSection(ExtensibilityGlobals) = postSolution
		SolutionGuid = {DE858489-72F8-4DCE-B006-FDE09E8DF497}
	EndGlobalSection
EndGlobal
