
Microsoft Visual Studio Solution File, Format Version 12.00
# Visual Studio 15
VisualStudioVersion = 15.0.26430.6
MinimumVisualStudioVersion = 10.0.40219.1
Project("{FAE04EC0-301F-11D3-BF4B-00C04F79EFBC}") = "WebSharper.Vsix", "WebSharper.Vsix\WebSharper.Vsix.csproj", "{67A7B7FF-7BF8-405E-8756-DDCD30C08D19}"
EndProject
Project("{FAE04EC0-301F-11D3-BF4B-00C04F79EFBC}") = "CSharp.Library", "CSharp\Library\CSharp.Library.csproj", "{62BA5E9A-050E-4B4F-9DCF-C1CE3C9B33B2}"
EndProject
Project("{FAE04EC0-301F-11D3-BF4B-00C04F79EFBC}") = "FSharp.Library", "FSharp\Library\FSharp.Library.csproj", "{CA7FAE8E-95DE-4692-9E12-192C4408CBB9}"
EndProject
Project("{2150E333-8FDC-42A3-9474-1A3956D46DE8}") = "Solution Items", "Solution Items", "{13B25483-9824-48EC-B585-C377CEE8E3C0}"
	ProjectSection(SolutionItems) = preProject
		init.fsx = init.fsx
	EndProjectSection
EndProject
Project("{FAE04EC0-301F-11D3-BF4B-00C04F79EFBC}") = "FSharp.Extension", "FSharp\Extension\FSharp.Extension.csproj", "{CDEF4F7F-2C67-49BF-B41C-138D16408DFA}"
EndProject
Project("{FAE04EC0-301F-11D3-BF4B-00C04F79EFBC}") = "FSharp.ClientServer", "FSharp\ClientServer\FSharp.ClientServer.csproj", "{0DD48C1A-D128-41B7-ADF3-399CD3DB31CB}"
EndProject
Project("{FAE04EC0-301F-11D3-BF4B-00C04F79EFBC}") = "FSharp.SPA", "FSharp\SPA\FSharp.SPA.csproj", "{F51E4172-0F4C-4635-BDDF-C82A6E2AEB93}"
EndProject
Project("{FAE04EC0-301F-11D3-BF4B-00C04F79EFBC}") = "FSharp.Offline", "FSharp\Offline\FSharp.Offline.csproj", "{BC5B3339-827F-491D-BFE4-763A722CCE5C}"
EndProject
Project("{FAE04EC0-301F-11D3-BF4B-00C04F79EFBC}") = "FSharp.Owin", "FSharp\Owin\FSharp.Owin.csproj", "{79188510-3D1D-4224-995C-3E9AED221D09}"
EndProject
Project("{FAE04EC0-301F-11D3-BF4B-00C04F79EFBC}") = "FSharp.Suave", "FSharp\Suave\FSharp.Suave.csproj", "{9BF6A4C2-F489-46CA-BCF3-9D58EDEEC144}"
EndProject
Project("{FAE04EC0-301F-11D3-BF4B-00C04F79EFBC}") = "CSharp.ClientServer", "CSharp\ClientServer\CSharp.ClientServer.csproj", "{C9E5A531-606A-45C0-90B8-E1AAEA48CFB7}"
EndProject
Project("{FAE04EC0-301F-11D3-BF4B-00C04F79EFBC}") = "CSharp.Offline", "CSharp\Offline\CSharp.Offline.csproj", "{C8EFCA00-69EA-463A-BC71-B050D8F32C4D}"
EndProject
Project("{FAE04EC0-301F-11D3-BF4B-00C04F79EFBC}") = "CSharp.SPA", "CSharp\SPA\CSharp.SPA.csproj", "{527DF100-65A4-41FA-91E1-411A0481F008}"
EndProject
Project("{FAE04EC0-301F-11D3-BF4B-00C04F79EFBC}") = "FSharp.Mobile", "FSharp\Mobile\FSharp.Mobile.csproj", "{2154CF20-4CFF-4C71-9365-C047153EE5D1}"
EndProject
Global
	GlobalSection(SolutionConfigurationPlatforms) = preSolution
		Debug|Any CPU = Debug|Any CPU
		Release|Any CPU = Release|Any CPU
	EndGlobalSection
	GlobalSection(ProjectConfigurationPlatforms) = postSolution
		{67A7B7FF-7BF8-405E-8756-DDCD30C08D19}.Debug|Any CPU.ActiveCfg = Debug|Any CPU
		{67A7B7FF-7BF8-405E-8756-DDCD30C08D19}.Debug|Any CPU.Build.0 = Debug|Any CPU
		{67A7B7FF-7BF8-405E-8756-DDCD30C08D19}.Release|Any CPU.ActiveCfg = Release|Any CPU
		{67A7B7FF-7BF8-405E-8756-DDCD30C08D19}.Release|Any CPU.Build.0 = Release|Any CPU
		{62BA5E9A-050E-4B4F-9DCF-C1CE3C9B33B2}.Debug|Any CPU.ActiveCfg = Debug|Any CPU
		{62BA5E9A-050E-4B4F-9DCF-C1CE3C9B33B2}.Debug|Any CPU.Build.0 = Debug|Any CPU
		{62BA5E9A-050E-4B4F-9DCF-C1CE3C9B33B2}.Release|Any CPU.ActiveCfg = Release|Any CPU
		{62BA5E9A-050E-4B4F-9DCF-C1CE3C9B33B2}.Release|Any CPU.Build.0 = Release|Any CPU
		{CA7FAE8E-95DE-4692-9E12-192C4408CBB9}.Debug|Any CPU.ActiveCfg = Debug|Any CPU
		{CA7FAE8E-95DE-4692-9E12-192C4408CBB9}.Debug|Any CPU.Build.0 = Debug|Any CPU
		{CA7FAE8E-95DE-4692-9E12-192C4408CBB9}.Release|Any CPU.ActiveCfg = Release|Any CPU
		{CA7FAE8E-95DE-4692-9E12-192C4408CBB9}.Release|Any CPU.Build.0 = Release|Any CPU
		{CDEF4F7F-2C67-49BF-B41C-138D16408DFA}.Debug|Any CPU.ActiveCfg = Debug|Any CPU
		{CDEF4F7F-2C67-49BF-B41C-138D16408DFA}.Debug|Any CPU.Build.0 = Debug|Any CPU
		{CDEF4F7F-2C67-49BF-B41C-138D16408DFA}.Release|Any CPU.ActiveCfg = Release|Any CPU
		{CDEF4F7F-2C67-49BF-B41C-138D16408DFA}.Release|Any CPU.Build.0 = Release|Any CPU
		{0DD48C1A-D128-41B7-ADF3-399CD3DB31CB}.Debug|Any CPU.ActiveCfg = Debug|Any CPU
		{0DD48C1A-D128-41B7-ADF3-399CD3DB31CB}.Debug|Any CPU.Build.0 = Debug|Any CPU
		{0DD48C1A-D128-41B7-ADF3-399CD3DB31CB}.Release|Any CPU.ActiveCfg = Release|Any CPU
		{0DD48C1A-D128-41B7-ADF3-399CD3DB31CB}.Release|Any CPU.Build.0 = Release|Any CPU
		{F51E4172-0F4C-4635-BDDF-C82A6E2AEB93}.Debug|Any CPU.ActiveCfg = Debug|Any CPU
		{F51E4172-0F4C-4635-BDDF-C82A6E2AEB93}.Debug|Any CPU.Build.0 = Debug|Any CPU
		{F51E4172-0F4C-4635-BDDF-C82A6E2AEB93}.Release|Any CPU.ActiveCfg = Release|Any CPU
		{F51E4172-0F4C-4635-BDDF-C82A6E2AEB93}.Release|Any CPU.Build.0 = Release|Any CPU
		{BC5B3339-827F-491D-BFE4-763A722CCE5C}.Debug|Any CPU.ActiveCfg = Debug|Any CPU
		{BC5B3339-827F-491D-BFE4-763A722CCE5C}.Debug|Any CPU.Build.0 = Debug|Any CPU
		{BC5B3339-827F-491D-BFE4-763A722CCE5C}.Release|Any CPU.ActiveCfg = Release|Any CPU
		{BC5B3339-827F-491D-BFE4-763A722CCE5C}.Release|Any CPU.Build.0 = Release|Any CPU
		{79188510-3D1D-4224-995C-3E9AED221D09}.Debug|Any CPU.ActiveCfg = Debug|Any CPU
		{79188510-3D1D-4224-995C-3E9AED221D09}.Debug|Any CPU.Build.0 = Debug|Any CPU
		{79188510-3D1D-4224-995C-3E9AED221D09}.Release|Any CPU.ActiveCfg = Release|Any CPU
		{79188510-3D1D-4224-995C-3E9AED221D09}.Release|Any CPU.Build.0 = Release|Any CPU
		{9BF6A4C2-F489-46CA-BCF3-9D58EDEEC144}.Debug|Any CPU.ActiveCfg = Debug|Any CPU
		{9BF6A4C2-F489-46CA-BCF3-9D58EDEEC144}.Debug|Any CPU.Build.0 = Debug|Any CPU
		{9BF6A4C2-F489-46CA-BCF3-9D58EDEEC144}.Release|Any CPU.ActiveCfg = Release|Any CPU
		{9BF6A4C2-F489-46CA-BCF3-9D58EDEEC144}.Release|Any CPU.Build.0 = Release|Any CPU
		{C9E5A531-606A-45C0-90B8-E1AAEA48CFB7}.Debug|Any CPU.ActiveCfg = Debug|Any CPU
		{C9E5A531-606A-45C0-90B8-E1AAEA48CFB7}.Debug|Any CPU.Build.0 = Debug|Any CPU
		{C9E5A531-606A-45C0-90B8-E1AAEA48CFB7}.Release|Any CPU.ActiveCfg = Release|Any CPU
		{C9E5A531-606A-45C0-90B8-E1AAEA48CFB7}.Release|Any CPU.Build.0 = Release|Any CPU
		{C8EFCA00-69EA-463A-BC71-B050D8F32C4D}.Debug|Any CPU.ActiveCfg = Debug|Any CPU
		{C8EFCA00-69EA-463A-BC71-B050D8F32C4D}.Debug|Any CPU.Build.0 = Debug|Any CPU
		{C8EFCA00-69EA-463A-BC71-B050D8F32C4D}.Release|Any CPU.ActiveCfg = Release|Any CPU
		{C8EFCA00-69EA-463A-BC71-B050D8F32C4D}.Release|Any CPU.Build.0 = Release|Any CPU
		{527DF100-65A4-41FA-91E1-411A0481F008}.Debug|Any CPU.ActiveCfg = Debug|Any CPU
		{527DF100-65A4-41FA-91E1-411A0481F008}.Debug|Any CPU.Build.0 = Debug|Any CPU
		{527DF100-65A4-41FA-91E1-411A0481F008}.Release|Any CPU.ActiveCfg = Release|Any CPU
		{527DF100-65A4-41FA-91E1-411A0481F008}.Release|Any CPU.Build.0 = Release|Any CPU
		{2154CF20-4CFF-4C71-9365-C047153EE5D1}.Debug|Any CPU.ActiveCfg = Debug|Any CPU
		{2154CF20-4CFF-4C71-9365-C047153EE5D1}.Debug|Any CPU.Build.0 = Debug|Any CPU
		{2154CF20-4CFF-4C71-9365-C047153EE5D1}.Release|Any CPU.ActiveCfg = Release|Any CPU
		{2154CF20-4CFF-4C71-9365-C047153EE5D1}.Release|Any CPU.Build.0 = Release|Any CPU
	EndGlobalSection
	GlobalSection(SolutionProperties) = preSolution
		HideSolutionNode = FALSE
	EndGlobalSection
EndGlobal
