
Microsoft Visual Studio Solution File, Format Version 12.00
# Visual Studio Version 16
VisualStudioVersion = 16.0.29609.76
MinimumVisualStudioVersion = 10.0.40219.1
Project("{6EC3EE1D-3C4E-46DD-8F32-0CC8E7565705}") = "WebSharper.ClientServer.FSharp", "NetCore\ClientServer-FSharp\WebSharper.ClientServer.FSharp.fsproj", "{53CF41E0-907A-47B3-8D03-F47AD4A4F181}"
EndProject
Project("{9A19103F-16F7-4668-BE54-9A1E7A4F7556}") = "WebSharper.ClientServer.CSharp", "NetCore\ClientServer-CSharp\WebSharper.ClientServer.CSharp.csproj", "{3E221F78-40E1-426E-AFF2-6EA9E420B640}"
EndProject
Project("{9A19103F-16F7-4668-BE54-9A1E7A4F7556}") = "WebSharper.Library.CSharp", "NetCore\Library-CSharp\WebSharper.Library.CSharp.csproj", "{7EF9CF84-CA13-46E0-ABCA-B2D1CA7E86EA}"
EndProject
Project("{9A19103F-16F7-4668-BE54-9A1E7A4F7556}") = "WebSharper.SPA.CSharp", "NetCore\SPA-CSharp\WebSharper.SPA.CSharp.csproj", "{02AE184A-11D7-4740-8D29-9CDE7C8B08EF}"
EndProject
Project("{6EC3EE1D-3C4E-46DD-8F32-0CC8E7565705}") = "WebSharper.Library.FSharp", "NetCore\Library-FSharp\WebSharper.Library.FSharp.fsproj", "{17C343DD-B14E-4389-BA27-ECC503E9E1DC}"
EndProject
Project("{9A19103F-16F7-4668-BE54-9A1E7A4F7556}") = "WebSharper.Offline.CSharp", "NetCore\Offline-CSharp\WebSharper.Offline.CSharp.csproj", "{BE2EA105-0F7E-4D21-B40F-3ACD06378E38}"
EndProject
Project("{6EC3EE1D-3C4E-46DD-8F32-0CC8E7565705}") = "WebSharper.Offline.FSharp", "NetCore\Offline-FSharp\WebSharper.Offline.FSharp.fsproj", "{DC600A2A-75EB-4754-B1D9-2B8986D4FAF3}"
EndProject
Project("{6EC3EE1D-3C4E-46DD-8F32-0CC8E7565705}") = "WebSharper.SPA.FSharp", "NetCore\SPA-FSharp\WebSharper.SPA.FSharp.fsproj", "{183D68D2-DC27-40DC-8586-F87AC22FB764}"
EndProject
Project("{6EC3EE1D-3C4E-46DD-8F32-0CC8E7565705}") = "WebSharper.Extension.FSharp", "NetCore\Extension-FSharp\WebSharper.Extension.FSharp.fsproj", "{221025FF-7481-4869-AC4D-A02FFD4F93D3}"
EndProject
Global
	GlobalSection(SolutionConfigurationPlatforms) = preSolution
		Debug|Any CPU = Debug|Any CPU
		Release|Any CPU = Release|Any CPU
	EndGlobalSection
	GlobalSection(ProjectConfigurationPlatforms) = postSolution
		{53CF41E0-907A-47B3-8D03-F47AD4A4F181}.Debug|Any CPU.ActiveCfg = Debug|Any CPU
		{53CF41E0-907A-47B3-8D03-F47AD4A4F181}.Debug|Any CPU.Build.0 = Debug|Any CPU
		{53CF41E0-907A-47B3-8D03-F47AD4A4F181}.Release|Any CPU.ActiveCfg = Release|Any CPU
		{53CF41E0-907A-47B3-8D03-F47AD4A4F181}.Release|Any CPU.Build.0 = Release|Any CPU
		{3E221F78-40E1-426E-AFF2-6EA9E420B640}.Debug|Any CPU.ActiveCfg = Debug|Any CPU
		{3E221F78-40E1-426E-AFF2-6EA9E420B640}.Debug|Any CPU.Build.0 = Debug|Any CPU
		{3E221F78-40E1-426E-AFF2-6EA9E420B640}.Release|Any CPU.ActiveCfg = Release|Any CPU
		{3E221F78-40E1-426E-AFF2-6EA9E420B640}.Release|Any CPU.Build.0 = Release|Any CPU
		{7EF9CF84-CA13-46E0-ABCA-B2D1CA7E86EA}.Debug|Any CPU.ActiveCfg = Debug|Any CPU
		{7EF9CF84-CA13-46E0-ABCA-B2D1CA7E86EA}.Debug|Any CPU.Build.0 = Debug|Any CPU
		{7EF9CF84-CA13-46E0-ABCA-B2D1CA7E86EA}.Release|Any CPU.ActiveCfg = Release|Any CPU
		{7EF9CF84-CA13-46E0-ABCA-B2D1CA7E86EA}.Release|Any CPU.Build.0 = Release|Any CPU
		{02AE184A-11D7-4740-8D29-9CDE7C8B08EF}.Debug|Any CPU.ActiveCfg = Debug|Any CPU
		{02AE184A-11D7-4740-8D29-9CDE7C8B08EF}.Debug|Any CPU.Build.0 = Debug|Any CPU
		{02AE184A-11D7-4740-8D29-9CDE7C8B08EF}.Release|Any CPU.ActiveCfg = Release|Any CPU
		{02AE184A-11D7-4740-8D29-9CDE7C8B08EF}.Release|Any CPU.Build.0 = Release|Any CPU
		{17C343DD-B14E-4389-BA27-ECC503E9E1DC}.Debug|Any CPU.ActiveCfg = Debug|Any CPU
		{17C343DD-B14E-4389-BA27-ECC503E9E1DC}.Debug|Any CPU.Build.0 = Debug|Any CPU
		{17C343DD-B14E-4389-BA27-ECC503E9E1DC}.Release|Any CPU.ActiveCfg = Release|Any CPU
		{17C343DD-B14E-4389-BA27-ECC503E9E1DC}.Release|Any CPU.Build.0 = Release|Any CPU
		{BE2EA105-0F7E-4D21-B40F-3ACD06378E38}.Debug|Any CPU.ActiveCfg = Debug|Any CPU
		{BE2EA105-0F7E-4D21-B40F-3ACD06378E38}.Debug|Any CPU.Build.0 = Debug|Any CPU
		{BE2EA105-0F7E-4D21-B40F-3ACD06378E38}.Release|Any CPU.ActiveCfg = Release|Any CPU
		{BE2EA105-0F7E-4D21-B40F-3ACD06378E38}.Release|Any CPU.Build.0 = Release|Any CPU
		{DC600A2A-75EB-4754-B1D9-2B8986D4FAF3}.Debug|Any CPU.ActiveCfg = Debug|Any CPU
		{DC600A2A-75EB-4754-B1D9-2B8986D4FAF3}.Debug|Any CPU.Build.0 = Debug|Any CPU
		{DC600A2A-75EB-4754-B1D9-2B8986D4FAF3}.Release|Any CPU.ActiveCfg = Release|Any CPU
		{DC600A2A-75EB-4754-B1D9-2B8986D4FAF3}.Release|Any CPU.Build.0 = Release|Any CPU
		{183D68D2-DC27-40DC-8586-F87AC22FB764}.Debug|Any CPU.ActiveCfg = Debug|Any CPU
		{183D68D2-DC27-40DC-8586-F87AC22FB764}.Debug|Any CPU.Build.0 = Debug|Any CPU
		{183D68D2-DC27-40DC-8586-F87AC22FB764}.Release|Any CPU.ActiveCfg = Release|Any CPU
		{183D68D2-DC27-40DC-8586-F87AC22FB764}.Release|Any CPU.Build.0 = Release|Any CPU
		{221025FF-7481-4869-AC4D-A02FFD4F93D3}.Debug|Any CPU.ActiveCfg = Debug|Any CPU
		{221025FF-7481-4869-AC4D-A02FFD4F93D3}.Debug|Any CPU.Build.0 = Debug|Any CPU
		{221025FF-7481-4869-AC4D-A02FFD4F93D3}.Release|Any CPU.ActiveCfg = Release|Any CPU
		{221025FF-7481-4869-AC4D-A02FFD4F93D3}.Release|Any CPU.Build.0 = Release|Any CPU
	EndGlobalSection
	GlobalSection(SolutionProperties) = preSolution
		HideSolutionNode = FALSE
	EndGlobalSection
	GlobalSection(ExtensibilityGlobals) = postSolution
		SolutionGuid = {DDA93089-165B-43DB-BFFF-BA8BF4C000C0}
	EndGlobalSection
EndGlobal
